// !$*UTF8*$!
{
	archiveVersion = 1;
	classes = {
	};
	objectVersion = 56;
	objects = {

/* Begin PBXBuildFile section */
		5D321618292A55F5005E56FE /* UserOrofile.swift in Sources */ = {isa = PBXBuildFile; fileRef = 5D321617292A55F5005E56FE /* UserOrofile.swift */; };
		5D32161A292A8D65005E56FE /* ChatVC.swift in Sources */ = {isa = PBXBuildFile; fileRef = 5D321619292A8D65005E56FE /* ChatVC.swift */; };
		5D32161C292A9328005E56FE /* ChatTVC.swift in Sources */ = {isa = PBXBuildFile; fileRef = 5D32161B292A9328005E56FE /* ChatTVC.swift */; };
		5D3925D229254AA2006AD756 /* AppDelegate.swift in Sources */ = {isa = PBXBuildFile; fileRef = 5D3925D129254AA2006AD756 /* AppDelegate.swift */; };
		5D3925D429254AA2006AD756 /* SceneDelegate.swift in Sources */ = {isa = PBXBuildFile; fileRef = 5D3925D329254AA2006AD756 /* SceneDelegate.swift */; };
		5D3925D629254AA2006AD756 /* ViewController.swift in Sources */ = {isa = PBXBuildFile; fileRef = 5D3925D529254AA2006AD756 /* ViewController.swift */; };
		5D3925D929254AA2006AD756 /* Main.storyboard in Resources */ = {isa = PBXBuildFile; fileRef = 5D3925D729254AA2006AD756 /* Main.storyboard */; };
		5D3925DB29254AA4006AD756 /* Assets.xcassets in Resources */ = {isa = PBXBuildFile; fileRef = 5D3925DA29254AA4006AD756 /* Assets.xcassets */; };
		5D3925DE29254AA4006AD756 /* LaunchScreen.storyboard in Resources */ = {isa = PBXBuildFile; fileRef = 5D3925DC29254AA4006AD756 /* LaunchScreen.storyboard */; };
		5D3925E629254BB3006AD756 /* GoogleService-Info.plist in Resources */ = {isa = PBXBuildFile; fileRef = 5D3925E529254BB3006AD756 /* GoogleService-Info.plist */; };
		5D3925EF29254E34006AD756 /* SignUpVC.swift in Sources */ = {isa = PBXBuildFile; fileRef = 5D3925EE29254E34006AD756 /* SignUpVC.swift */; };
		5D3925F1292555FD006AD756 /* MoveToTabVC.swift in Sources */ = {isa = PBXBuildFile; fileRef = 5D3925F0292555FD006AD756 /* MoveToTabVC.swift */; };
		DE4C94DD62A99057E1C5A50E /* Pods_Firebase_Tinder.framework in Frameworks */ = {isa = PBXBuildFile; fileRef = 43D564494FDA2F5EFBD1E6F7 /* Pods_Firebase_Tinder.framework */; };
/* End PBXBuildFile section */

/* Begin PBXFileReference section */
		43D564494FDA2F5EFBD1E6F7 /* Pods_Firebase_Tinder.framework */ = {isa = PBXFileReference; explicitFileType = wrapper.framework; includeInIndex = 0; path = Pods_Firebase_Tinder.framework; sourceTree = BUILT_PRODUCTS_DIR; };
		5D321617292A55F5005E56FE /* UserOrofile.swift */ = {isa = PBXFileReference; lastKnownFileType = sourcecode.swift; path = UserOrofile.swift; sourceTree = "<group>"; };
		5D321619292A8D65005E56FE /* ChatVC.swift */ = {isa = PBXFileReference; lastKnownFileType = sourcecode.swift; path = ChatVC.swift; sourceTree = "<group>"; };
		5D32161B292A9328005E56FE /* ChatTVC.swift */ = {isa = PBXFileReference; lastKnownFileType = sourcecode.swift; path = ChatTVC.swift; sourceTree = "<group>"; };
		5D3925CE29254AA2006AD756 /* Firebase_Tinder.app */ = {isa = PBXFileReference; explicitFileType = wrapper.application; includeInIndex = 0; path = Firebase_Tinder.app; sourceTree = BUILT_PRODUCTS_DIR; };
		5D3925D129254AA2006AD756 /* AppDelegate.swift */ = {isa = PBXFileReference; lastKnownFileType = sourcecode.swift; path = AppDelegate.swift; sourceTree = "<group>"; };
		5D3925D329254AA2006AD756 /* SceneDelegate.swift */ = {isa = PBXFileReference; lastKnownFileType = sourcecode.swift; path = SceneDelegate.swift; sourceTree = "<group>"; };
		5D3925D529254AA2006AD756 /* ViewController.swift */ = {isa = PBXFileReference; lastKnownFileType = sourcecode.swift; path = ViewController.swift; sourceTree = "<group>"; };
		5D3925D829254AA2006AD756 /* Base */ = {isa = PBXFileReference; lastKnownFileType = file.storyboard; name = Base; path = Base.lproj/Main.storyboard; sourceTree = "<group>"; };
		5D3925DA29254AA4006AD756 /* Assets.xcassets */ = {isa = PBXFileReference; lastKnownFileType = folder.assetcatalog; path = Assets.xcassets; sourceTree = "<group>"; };
		5D3925DD29254AA4006AD756 /* Base */ = {isa = PBXFileReference; lastKnownFileType = file.storyboard; name = Base; path = Base.lproj/LaunchScreen.storyboard; sourceTree = "<group>"; };
		5D3925DF29254AA4006AD756 /* Info.plist */ = {isa = PBXFileReference; lastKnownFileType = text.plist.xml; path = Info.plist; sourceTree = "<group>"; };
		5D3925E529254BB3006AD756 /* GoogleService-Info.plist */ = {isa = PBXFileReference; fileEncoding = 4; lastKnownFileType = text.plist.xml; path = "GoogleService-Info.plist"; sourceTree = "<group>"; };
		5D3925EE29254E34006AD756 /* SignUpVC.swift */ = {isa = PBXFileReference; lastKnownFileType = sourcecode.swift; path = SignUpVC.swift; sourceTree = "<group>"; };
		5D3925F0292555FD006AD756 /* MoveToTabVC.swift */ = {isa = PBXFileReference; lastKnownFileType = sourcecode.swift; path = MoveToTabVC.swift; sourceTree = "<group>"; };
		636403014B79861CA69D1F0E /* Pods-Firebase_Tinder.debug.xcconfig */ = {isa = PBXFileReference; includeInIndex = 1; lastKnownFileType = text.xcconfig; name = "Pods-Firebase_Tinder.debug.xcconfig"; path = "Target Support Files/Pods-Firebase_Tinder/Pods-Firebase_Tinder.debug.xcconfig"; sourceTree = "<group>"; };
		BF89314F510F9F51AEF79CFD /* Pods-Firebase_Tinder.release.xcconfig */ = {isa = PBXFileReference; includeInIndex = 1; lastKnownFileType = text.xcconfig; name = "Pods-Firebase_Tinder.release.xcconfig"; path = "Target Support Files/Pods-Firebase_Tinder/Pods-Firebase_Tinder.release.xcconfig"; sourceTree = "<group>"; };
/* End PBXFileReference section */

/* Begin PBXFrameworksBuildPhase section */
		5D3925CB29254AA2006AD756 /* Frameworks */ = {
			isa = PBXFrameworksBuildPhase;
			buildActionMask = 2147483647;
			files = (
				DE4C94DD62A99057E1C5A50E /* Pods_Firebase_Tinder.framework in Frameworks */,
			);
			runOnlyForDeploymentPostprocessing = 0;
		};
/* End PBXFrameworksBuildPhase section */

/* Begin PBXGroup section */
		137FBB6EDE59A28F49841C51 /* Frameworks */ = {
			isa = PBXGroup;
			children = (
				43D564494FDA2F5EFBD1E6F7 /* Pods_Firebase_Tinder.framework */,
			);
			name = Frameworks;
			sourceTree = "<group>";
		};
		599F3E1B5348CC256A4447F9 /* Pods */ = {
			isa = PBXGroup;
			children = (
				636403014B79861CA69D1F0E /* Pods-Firebase_Tinder.debug.xcconfig */,
				BF89314F510F9F51AEF79CFD /* Pods-Firebase_Tinder.release.xcconfig */,
			);
			path = Pods;
			sourceTree = "<group>";
		};
		5D3925C529254AA2006AD756 = {
			isa = PBXGroup;
			children = (
				5D3925D029254AA2006AD756 /* Firebase_Tinder */,
				5D3925CF29254AA2006AD756 /* Products */,
				599F3E1B5348CC256A4447F9 /* Pods */,
				137FBB6EDE59A28F49841C51 /* Frameworks */,
			);
			sourceTree = "<group>";
		};
		5D3925CF29254AA2006AD756 /* Products */ = {
			isa = PBXGroup;
			children = (
				5D3925CE29254AA2006AD756 /* Firebase_Tinder.app */,
			);
			name = Products;
			sourceTree = "<group>";
		};
		5D3925D029254AA2006AD756 /* Firebase_Tinder */ = {
			isa = PBXGroup;
			children = (
				5D3925EC29254DEF006AD756 /* SupportingFiles */,
				5D3925EB29254DD9006AD756 /* Model_view */,
				5D3925EA29254DD2006AD756 /* Controller */,
				5D3925E929254DCC006AD756 /* View */,
				5D3925E829254DC5006AD756 /* Model */,
				5D3925E529254BB3006AD756 /* GoogleService-Info.plist */,
				5D3925DF29254AA4006AD756 /* Info.plist */,
			);
			path = Firebase_Tinder;
			sourceTree = "<group>";
		};
		5D3925E829254DC5006AD756 /* Model */ = {
			isa = PBXGroup;
			children = (
				5D321617292A55F5005E56FE /* UserOrofile.swift */,
			);
			path = Model;
			sourceTree = "<group>";
		};
		5D3925E929254DCC006AD756 /* View */ = {
			isa = PBXGroup;
			children = (
				5D3925ED29254E02006AD756 /* Storyboard */,
				5D32161B292A9328005E56FE /* ChatTVC.swift */,
			);
			path = View;
			sourceTree = "<group>";
		};
		5D3925EA29254DD2006AD756 /* Controller */ = {
			isa = PBXGroup;
			children = (
				5D3925D529254AA2006AD756 /* ViewController.swift */,
				5D3925EE29254E34006AD756 /* SignUpVC.swift */,
				5D3925F0292555FD006AD756 /* MoveToTabVC.swift */,
				5D321619292A8D65005E56FE /* ChatVC.swift */,
			);
			path = Controller;
			sourceTree = "<group>";
		};
		5D3925EB29254DD9006AD756 /* Model_view */ = {
			isa = PBXGroup;
			children = (
			);
			path = Model_view;
			sourceTree = "<group>";
		};
		5D3925EC29254DEF006AD756 /* SupportingFiles */ = {
			isa = PBXGroup;
			children = (
				5D3925D129254AA2006AD756 /* AppDelegate.swift */,
				5D3925D329254AA2006AD756 /* SceneDelegate.swift */,
			);
			path = SupportingFiles;
			sourceTree = "<group>";
		};
		5D3925ED29254E02006AD756 /* Storyboard */ = {
			isa = PBXGroup;
			children = (
				5D3925DA29254AA4006AD756 /* Assets.xcassets */,
				5D3925D729254AA2006AD756 /* Main.storyboard */,
				5D3925DC29254AA4006AD756 /* LaunchScreen.storyboard */,
			);
			path = Storyboard;
			sourceTree = "<group>";
		};
/* End PBXGroup section */

/* Begin PBXNativeTarget section */
		5D3925CD29254AA2006AD756 /* Firebase_Tinder */ = {
			isa = PBXNativeTarget;
			buildConfigurationList = 5D3925E229254AA4006AD756 /* Build configuration list for PBXNativeTarget "Firebase_Tinder" */;
			buildPhases = (
				3213F325B85C85743D288732 /* [CP] Check Pods Manifest.lock */,
				5D3925CA29254AA2006AD756 /* Sources */,
				5D3925CB29254AA2006AD756 /* Frameworks */,
				5D3925CC29254AA2006AD756 /* Resources */,
				B687173508B4EF7BF04299BA /* [CP] Embed Pods Frameworks */,
			);
			buildRules = (
			);
			dependencies = (
			);
			name = Firebase_Tinder;
			productName = Firebase_Tinder;
			productReference = 5D3925CE29254AA2006AD756 /* Firebase_Tinder.app */;
			productType = "com.apple.product-type.application";
		};
/* End PBXNativeTarget section */

/* Begin PBXProject section */
		5D3925C629254AA2006AD756 /* Project object */ = {
			isa = PBXProject;
			attributes = {
				BuildIndependentTargetsInParallel = 1;
				LastSwiftUpdateCheck = 1400;
				LastUpgradeCheck = 1400;
				TargetAttributes = {
					5D3925CD29254AA2006AD756 = {
						CreatedOnToolsVersion = 14.0.1;
					};
				};
			};
			buildConfigurationList = 5D3925C929254AA2006AD756 /* Build configuration list for PBXProject "Firebase_Tinder" */;
			compatibilityVersion = "Xcode 14.0";
			developmentRegion = en;
			hasScannedForEncodings = 0;
			knownRegions = (
				en,
				Base,
			);
			mainGroup = 5D3925C529254AA2006AD756;
			productRefGroup = 5D3925CF29254AA2006AD756 /* Products */;
			projectDirPath = "";
			projectRoot = "";
			targets = (
				5D3925CD29254AA2006AD756 /* Firebase_Tinder */,
			);
		};
/* End PBXProject section */

/* Begin PBXResourcesBuildPhase section */
		5D3925CC29254AA2006AD756 /* Resources */ = {
			isa = PBXResourcesBuildPhase;
			buildActionMask = 2147483647;
			files = (
				5D3925DE29254AA4006AD756 /* LaunchScreen.storyboard in Resources */,
				5D3925DB29254AA4006AD756 /* Assets.xcassets in Resources */,
				5D3925D929254AA2006AD756 /* Main.storyboard in Resources */,
				5D3925E629254BB3006AD756 /* GoogleService-Info.plist in Resources */,
			);
			runOnlyForDeploymentPostprocessing = 0;
		};
/* End PBXResourcesBuildPhase section */

/* Begin PBXShellScriptBuildPhase section */
		3213F325B85C85743D288732 /* [CP] Check Pods Manifest.lock */ = {
			isa = PBXShellScriptBuildPhase;
			buildActionMask = 2147483647;
			files = (
			);
			inputFileListPaths = (
			);
			inputPaths = (
				"${PODS_PODFILE_DIR_PATH}/Podfile.lock",
				"${PODS_ROOT}/Manifest.lock",
			);
			name = "[CP] Check Pods Manifest.lock";
			outputFileListPaths = (
			);
			outputPaths = (
				"$(DERIVED_FILE_DIR)/Pods-Firebase_Tinder-checkManifestLockResult.txt",
			);
			runOnlyForDeploymentPostprocessing = 0;
			shellPath = /bin/sh;
			shellScript = "diff \"${PODS_PODFILE_DIR_PATH}/Podfile.lock\" \"${PODS_ROOT}/Manifest.lock\" > /dev/null\nif [ $? != 0 ] ; then\n    # print error to STDERR\n    echo \"error: The sandbox is not in sync with the Podfile.lock. Run 'pod install' or update your CocoaPods installation.\" >&2\n    exit 1\nfi\n# This output is used by Xcode 'outputs' to avoid re-running this script phase.\necho \"SUCCESS\" > \"${SCRIPT_OUTPUT_FILE_0}\"\n";
			showEnvVarsInLog = 0;
		};
		B687173508B4EF7BF04299BA /* [CP] Embed Pods Frameworks */ = {
			isa = PBXShellScriptBuildPhase;
			buildActionMask = 2147483647;
			files = (
			);
			inputFileListPaths = (
				"${PODS_ROOT}/Target Support Files/Pods-Firebase_Tinder/Pods-Firebase_Tinder-frameworks-${CONFIGURATION}-input-files.xcfilelist",
			);
			name = "[CP] Embed Pods Frameworks";
			outputFileListPaths = (
				"${PODS_ROOT}/Target Support Files/Pods-Firebase_Tinder/Pods-Firebase_Tinder-frameworks-${CONFIGURATION}-output-files.xcfilelist",
			);
			runOnlyForDeploymentPostprocessing = 0;
			shellPath = /bin/sh;
			shellScript = "\"${PODS_ROOT}/Target Support Files/Pods-Firebase_Tinder/Pods-Firebase_Tinder-frameworks.sh\"\n";
			showEnvVarsInLog = 0;
		};
/* End PBXShellScriptBuildPhase section */

/* Begin PBXSourcesBuildPhase section */
		5D3925CA29254AA2006AD756 /* Sources */ = {
			isa = PBXSourcesBuildPhase;
			buildActionMask = 2147483647;
			files = (
				5D3925EF29254E34006AD756 /* SignUpVC.swift in Sources */,
				5D32161A292A8D65005E56FE /* ChatVC.swift in Sources */,
				5D3925D629254AA2006AD756 /* ViewController.swift in Sources */,
				5D3925D229254AA2006AD756 /* AppDelegate.swift in Sources */,
				5D3925D429254AA2006AD756 /* SceneDelegate.swift in Sources */,
				5D32161C292A9328005E56FE /* ChatTVC.swift in Sources */,
				5D3925F1292555FD006AD756 /* MoveToTabVC.swift in Sources */,
				5D321618292A55F5005E56FE /* UserOrofile.swift in Sources */,
			);
			runOnlyForDeploymentPostprocessing = 0;
		};
/* End PBXSourcesBuildPhase section */

/* Begin PBXVariantGroup section */
		5D3925D729254AA2006AD756 /* Main.storyboard */ = {
			isa = PBXVariantGroup;
			children = (
				5D3925D829254AA2006AD756 /* Base */,
			);
			name = Main.storyboard;
			sourceTree = "<group>";
		};
		5D3925DC29254AA4006AD756 /* LaunchScreen.storyboard */ = {
			isa = PBXVariantGroup;
			children = (
				5D3925DD29254AA4006AD756 /* Base */,
			);
			name = LaunchScreen.storyboard;
			sourceTree = "<group>";
		};
/* End PBXVariantGroup section */

/* Begin XCBuildConfiguration section */
		5D3925E029254AA4006AD756 /* Debug */ = {
			isa = XCBuildConfiguration;
			buildSettings = {
				ALWAYS_SEARCH_USER_PATHS = NO;
				CLANG_ANALYZER_NONNULL = YES;
				CLANG_ANALYZER_NUMBER_OBJECT_CONVERSION = YES_AGGRESSIVE;
				CLANG_CXX_LANGUAGE_STANDARD = "gnu++20";
				CLANG_ENABLE_MODULES = YES;
				CLANG_ENABLE_OBJC_ARC = YES;
				CLANG_ENABLE_OBJC_WEAK = YES;
				CLANG_WARN_BLOCK_CAPTURE_AUTORELEASING = YES;
				CLANG_WARN_BOOL_CONVERSION = YES;
				CLANG_WARN_COMMA = YES;
				CLANG_WARN_CONSTANT_CONVERSION = YES;
				CLANG_WARN_DEPRECATED_OBJC_IMPLEMENTATIONS = YES;
				CLANG_WARN_DIRECT_OBJC_ISA_USAGE = YES_ERROR;
				CLANG_WARN_DOCUMENTATION_COMMENTS = YES;
				CLANG_WARN_EMPTY_BODY = YES;
				CLANG_WARN_ENUM_CONVERSION = YES;
				CLANG_WARN_INFINITE_RECURSION = YES;
				CLANG_WARN_INT_CONVERSION = YES;
				CLANG_WARN_NON_LITERAL_NULL_CONVERSION = YES;
				CLANG_WARN_OBJC_IMPLICIT_RETAIN_SELF = YES;
				CLANG_WARN_OBJC_LITERAL_CONVERSION = YES;
				CLANG_WARN_OBJC_ROOT_CLASS = YES_ERROR;
				CLANG_WARN_QUOTED_INCLUDE_IN_FRAMEWORK_HEADER = YES;
				CLANG_WARN_RANGE_LOOP_ANALYSIS = YES;
				CLANG_WARN_STRICT_PROTOTYPES = YES;
				CLANG_WARN_SUSPICIOUS_MOVE = YES;
				CLANG_WARN_UNGUARDED_AVAILABILITY = YES_AGGRESSIVE;
				CLANG_WARN_UNREACHABLE_CODE = YES;
				CLANG_WARN__DUPLICATE_METHOD_MATCH = YES;
				COPY_PHASE_STRIP = NO;
				DEBUG_INFORMATION_FORMAT = dwarf;
				ENABLE_STRICT_OBJC_MSGSEND = YES;
				ENABLE_TESTABILITY = YES;
				GCC_C_LANGUAGE_STANDARD = gnu11;
				GCC_DYNAMIC_NO_PIC = NO;
				GCC_NO_COMMON_BLOCKS = YES;
				GCC_OPTIMIZATION_LEVEL = 0;
				GCC_PREPROCESSOR_DEFINITIONS = (
					"DEBUG=1",
					"$(inherited)",
				);
				GCC_WARN_64_TO_32_BIT_CONVERSION = YES;
				GCC_WARN_ABOUT_RETURN_TYPE = YES_ERROR;
				GCC_WARN_UNDECLARED_SELECTOR = YES;
				GCC_WARN_UNINITIALIZED_AUTOS = YES_AGGRESSIVE;
				GCC_WARN_UNUSED_FUNCTION = YES;
				GCC_WARN_UNUSED_VARIABLE = YES;
				IPHONEOS_DEPLOYMENT_TARGET = 16.0;
				MTL_ENABLE_DEBUG_INFO = INCLUDE_SOURCE;
				MTL_FAST_MATH = YES;
				ONLY_ACTIVE_ARCH = YES;
				SDKROOT = iphoneos;
				SWIFT_ACTIVE_COMPILATION_CONDITIONS = DEBUG;
				SWIFT_OPTIMIZATION_LEVEL = "-Onone";
			};
			name = Debug;
		};
		5D3925E129254AA4006AD756 /* Release */ = {
			isa = XCBuildConfiguration;
			buildSettings = {
				ALWAYS_SEARCH_USER_PATHS = NO;
				CLANG_ANALYZER_NONNULL = YES;
				CLANG_ANALYZER_NUMBER_OBJECT_CONVERSION = YES_AGGRESSIVE;
				CLANG_CXX_LANGUAGE_STANDARD = "gnu++20";
				CLANG_ENABLE_MODULES = YES;
				CLANG_ENABLE_OBJC_ARC = YES;
				CLANG_ENABLE_OBJC_WEAK = YES;
				CLANG_WARN_BLOCK_CAPTURE_AUTORELEASING = YES;
				CLANG_WARN_BOOL_CONVERSION = YES;
				CLANG_WARN_COMMA = YES;
				CLANG_WARN_CONSTANT_CONVERSION = YES;
				CLANG_WARN_DEPRECATED_OBJC_IMPLEMENTATIONS = YES;
				CLANG_WARN_DIRECT_OBJC_ISA_USAGE = YES_ERROR;
				CLANG_WARN_DOCUMENTATION_COMMENTS = YES;
				CLANG_WARN_EMPTY_BODY = YES;
				CLANG_WARN_ENUM_CONVERSION = YES;
				CLANG_WARN_INFINITE_RECURSION = YES;
				CLANG_WARN_INT_CONVERSION = YES;
				CLANG_WARN_NON_LITERAL_NULL_CONVERSION = YES;
				CLANG_WARN_OBJC_IMPLICIT_RETAIN_SELF = YES;
				CLANG_WARN_OBJC_LITERAL_CONVERSION = YES;
				CLANG_WARN_OBJC_ROOT_CLASS = YES_ERROR;
				CLANG_WARN_QUOTED_INCLUDE_IN_FRAMEWORK_HEADER = YES;
				CLANG_WARN_RANGE_LOOP_ANALYSIS = YES;
				CLANG_WARN_STRICT_PROTOTYPES = YES;
				CLANG_WARN_SUSPICIOUS_MOVE = YES;
				CLANG_WARN_UNGUARDED_AVAILABILITY = YES_AGGRESSIVE;
				CLANG_WARN_UNREACHABLE_CODE = YES;
				CLANG_WARN__DUPLICATE_METHOD_MATCH = YES;
				COPY_PHASE_STRIP = NO;
				DEBUG_INFORMATION_FORMAT = "dwarf-with-dsym";
				ENABLE_NS_ASSERTIONS = NO;
				ENABLE_STRICT_OBJC_MSGSEND = YES;
				GCC_C_LANGUAGE_STANDARD = gnu11;
				GCC_NO_COMMON_BLOCKS = YES;
				GCC_WARN_64_TO_32_BIT_CONVERSION = YES;
				GCC_WARN_ABOUT_RETURN_TYPE = YES_ERROR;
				GCC_WARN_UNDECLARED_SELECTOR = YES;
				GCC_WARN_UNINITIALIZED_AUTOS = YES_AGGRESSIVE;
				GCC_WARN_UNUSED_FUNCTION = YES;
				GCC_WARN_UNUSED_VARIABLE = YES;
				IPHONEOS_DEPLOYMENT_TARGET = 16.0;
				MTL_ENABLE_DEBUG_INFO = NO;
				MTL_FAST_MATH = YES;
				SDKROOT = iphoneos;
				SWIFT_COMPILATION_MODE = wholemodule;
				SWIFT_OPTIMIZATION_LEVEL = "-O";
				VALIDATE_PRODUCT = YES;
			};
			name = Release;
		};
		5D3925E329254AA4006AD756 /* Debug */ = {
			isa = XCBuildConfiguration;
			baseConfigurationReference = 636403014B79861CA69D1F0E /* Pods-Firebase_Tinder.debug.xcconfig */;
			buildSettings = {
				ASSETCATALOG_COMPILER_APPICON_NAME = AppIcon;
				ASSETCATALOG_COMPILER_GLOBAL_ACCENT_COLOR_NAME = AccentColor;
				CODE_SIGN_STYLE = Automatic;
				CURRENT_PROJECT_VERSION = 1;
				DEVELOPMENT_TEAM = NB5B4D8982;
				GENERATE_INFOPLIST_FILE = YES;
				INFOPLIST_FILE = Firebase_Tinder/Info.plist;
				INFOPLIST_KEY_UIApplicationSupportsIndirectInputEvents = YES;
				INFOPLIST_KEY_UILaunchStoryboardName = LaunchScreen;
				INFOPLIST_KEY_UIMainStoryboardFile = Main;
				INFOPLIST_KEY_UISupportedInterfaceOrientations_iPad = "UIInterfaceOrientationPortrait UIInterfaceOrientationPortraitUpsideDown UIInterfaceOrientationLandscapeLeft UIInterfaceOrientationLandscapeRight";
				INFOPLIST_KEY_UISupportedInterfaceOrientations_iPhone = "UIInterfaceOrientationPortrait UIInterfaceOrientationLandscapeLeft UIInterfaceOrientationLandscapeRight";
				LD_RUNPATH_SEARCH_PATHS = (
					"$(inherited)",
					"@executable_path/Frameworks",
				);
				MARKETING_VERSION = 1.0;
				PRODUCT_BUNDLE_IDENTIFIER = "com.ripon.Firebase-Tinder";
				PRODUCT_NAME = "$(TARGET_NAME)";
				SWIFT_EMIT_LOC_STRINGS = YES;
				SWIFT_VERSION = 5.0;
				TARGETED_DEVICE_FAMILY = "1,2";
			};
			name = Debug;
		};
		5D3925E429254AA4006AD756 /* Release */ = {
			isa = XCBuildConfiguration;
			baseConfigurationReference = BF89314F510F9F51AEF79CFD /* Pods-Firebase_Tinder.release.xcconfig */;
			buildSettings = {
				ASSETCATALOG_COMPILER_APPICON_NAME = AppIcon;
				ASSETCATALOG_COMPILER_GLOBAL_ACCENT_COLOR_NAME = AccentColor;
				CODE_SIGN_STYLE = Automatic;
				CURRENT_PROJECT_VERSION = 1;
				DEVELOPMENT_TEAM = NB5B4D8982;
				GENERATE_INFOPLIST_FILE = YES;
				INFOPLIST_FILE = Firebase_Tinder/Info.plist;
				INFOPLIST_KEY_UIApplicationSupportsIndirectInputEvents = YES;
				INFOPLIST_KEY_UILaunchStoryboardName = LaunchScreen;
				INFOPLIST_KEY_UIMainStoryboardFile = Main;
				INFOPLIST_KEY_UISupportedInterfaceOrientations_iPad = "UIInterfaceOrientationPortrait UIInterfaceOrientationPortraitUpsideDown UIInterfaceOrientationLandscapeLeft UIInterfaceOrientationLandscapeRight";
				INFOPLIST_KEY_UISupportedInterfaceOrientations_iPhone = "UIInterfaceOrientationPortrait UIInterfaceOrientationLandscapeLeft UIInterfaceOrientationLandscapeRight";
				LD_RUNPATH_SEARCH_PATHS = (
					"$(inherited)",
					"@executable_path/Frameworks",
				);
				MARKETING_VERSION = 1.0;
				PRODUCT_BUNDLE_IDENTIFIER = "com.ripon.Firebase-Tinder";
				PRODUCT_NAME = "$(TARGET_NAME)";
				SWIFT_EMIT_LOC_STRINGS = YES;
				SWIFT_VERSION = 5.0;
				TARGETED_DEVICE_FAMILY = "1,2";
			};
			name = Release;
		};
/* End XCBuildConfiguration section */

/* Begin XCConfigurationList section */
		5D3925C929254AA2006AD756 /* Build configuration list for PBXProject "Firebase_Tinder" */ = {
			isa = XCConfigurationList;
			buildConfigurations = (
				5D3925E029254AA4006AD756 /* Debug */,
				5D3925E129254AA4006AD756 /* Release */,
			);
			defaultConfigurationIsVisible = 0;
			defaultConfigurationName = Release;
		};
		5D3925E229254AA4006AD756 /* Build configuration list for PBXNativeTarget "Firebase_Tinder" */ = {
			isa = XCConfigurationList;
			buildConfigurations = (
				5D3925E329254AA4006AD756 /* Debug */,
				5D3925E429254AA4006AD756 /* Release */,
			);
			defaultConfigurationIsVisible = 0;
			defaultConfigurationName = Release;
		};
/* End XCConfigurationList section */
	};
	rootObject = 5D3925C629254AA2006AD756 /* Project object */;
}
